
Microsoft Visual Studio Solution File, Format Version 12.00
# Visual Studio Version 17
VisualStudioVersion = 17.0.31903.59
MinimumVisualStudioVersion = 10.0.40219.1
Project("{2150E333-8FDC-42A3-9474-1A3956D46DE8}") = "src", "src", "{EFA88835-38F5-4A7A-9B3A-9444915331C6}"
EndProject
Project("{FAE04EC0-301F-11D3-BF4B-00C04F79EFBC}") = "NexJob", "src\NexJob\NexJob.csproj", "{06E9B0C8-A9B6-4DE4-A1CC-C52159A873D1}"
EndProject
Project("{FAE04EC0-301F-11D3-BF4B-00C04F79EFBC}") = "NexJob.Postgres", "src\NexJob.Postgres\NexJob.Postgres.csproj", "{F5C0378C-549D-4AEC-9BB1-DBB5B75F5B71}"
EndProject
Project("{FAE04EC0-301F-11D3-BF4B-00C04F79EFBC}") = "NexJob.SqlServer", "src\NexJob.SqlServer\NexJob.SqlServer.csproj", "{08958428-A061-47B9-96AD-74F2AAE0086F}"
EndProject
Project("{FAE04EC0-301F-11D3-BF4B-00C04F79EFBC}") = "NexJob.Redis", "src\NexJob.Redis\NexJob.Redis.csproj", "{6F047133-9368-4B52-A78B-C779CFFEFF99}"
EndProject
Project("{FAE04EC0-301F-11D3-BF4B-00C04F79EFBC}") = "NexJob.MongoDB", "src\NexJob.MongoDB\NexJob.MongoDB.csproj", "{2E4CEBFB-BAA2-45FA-9134-33FBCE2C8DF3}"
EndProject
Project("{FAE04EC0-301F-11D3-BF4B-00C04F79EFBC}") = "NexJob.Oracle", "src\NexJob.Oracle\NexJob.Oracle.csproj", "{E5406B4B-F863-404E-B32F-0653760D168A}"
EndProject
Project("{FAE04EC0-301F-11D3-BF4B-00C04F79EFBC}") = "NexJob.Dashboard", "src\NexJob.Dashboard\NexJob.Dashboard.csproj", "{223B3CA8-C522-46E7-8F2A-1D502AB056FC}"
EndProject
Project("{2150E333-8FDC-42A3-9474-1A3956D46DE8}") = "tests", "tests", "{E96B56A5-5E21-43D0-A041-2AAB3B9E7280}"
EndProject
Project("{FAE04EC0-301F-11D3-BF4B-00C04F79EFBC}") = "NexJob.Tests", "tests\NexJob.Tests\NexJob.Tests.csproj", "{0BF3478D-70C6-4624-9256-160FFAA2E993}"
EndProject
Global
	GlobalSection(SolutionConfigurationPlatforms) = preSolution
		Debug|Any CPU = Debug|Any CPU
		Release|Any CPU = Release|Any CPU
	EndGlobalSection
	GlobalSection(SolutionProperties) = preSolution
		HideSolutionNode = FALSE
	EndGlobalSection
	GlobalSection(ProjectConfigurationPlatforms) = postSolution
		{06E9B0C8-A9B6-4DE4-A1CC-C52159A873D1}.Debug|Any CPU.ActiveCfg = Debug|Any CPU
		{06E9B0C8-A9B6-4DE4-A1CC-C52159A873D1}.Debug|Any CPU.Build.0 = Debug|Any CPU
		{06E9B0C8-A9B6-4DE4-A1CC-C52159A873D1}.Release|Any CPU.ActiveCfg = Release|Any CPU
		{06E9B0C8-A9B6-4DE4-A1CC-C52159A873D1}.Release|Any CPU.Build.0 = Release|Any CPU
		{F5C0378C-549D-4AEC-9BB1-DBB5B75F5B71}.Debug|Any CPU.ActiveCfg = Debug|Any CPU
		{F5C0378C-549D-4AEC-9BB1-DBB5B75F5B71}.Debug|Any CPU.Build.0 = Debug|Any CPU
		{F5C0378C-549D-4AEC-9BB1-DBB5B75F5B71}.Release|Any CPU.ActiveCfg = Release|Any CPU
		{F5C0378C-549D-4AEC-9BB1-DBB5B75F5B71}.Release|Any CPU.Build.0 = Release|Any CPU
		{08958428-A061-47B9-96AD-74F2AAE0086F}.Debug|Any CPU.ActiveCfg = Debug|Any CPU
		{08958428-A061-47B9-96AD-74F2AAE0086F}.Debug|Any CPU.Build.0 = Debug|Any CPU
		{08958428-A061-47B9-96AD-74F2AAE0086F}.Release|Any CPU.ActiveCfg = Release|Any CPU
		{08958428-A061-47B9-96AD-74F2AAE0086F}.Release|Any CPU.Build.0 = Release|Any CPU
		{6F047133-9368-4B52-A78B-C779CFFEFF99}.Debug|Any CPU.ActiveCfg = Debug|Any CPU
		{6F047133-9368-4B52-A78B-C779CFFEFF99}.Debug|Any CPU.Build.0 = Debug|Any CPU
		{6F047133-9368-4B52-A78B-C779CFFEFF99}.Release|Any CPU.ActiveCfg = Release|Any CPU
		{6F047133-9368-4B52-A78B-C779CFFEFF99}.Release|Any CPU.Build.0 = Release|Any CPU
		{2E4CEBFB-BAA2-45FA-9134-33FBCE2C8DF3}.Debug|Any CPU.ActiveCfg = Debug|Any CPU
		{2E4CEBFB-BAA2-45FA-9134-33FBCE2C8DF3}.Debug|Any CPU.Build.0 = Debug|Any CPU
		{2E4CEBFB-BAA2-45FA-9134-33FBCE2C8DF3}.Release|Any CPU.ActiveCfg = Release|Any CPU
		{2E4CEBFB-BAA2-45FA-9134-33FBCE2C8DF3}.Release|Any CPU.Build.0 = Release|Any CPU
		{E5406B4B-F863-404E-B32F-0653760D168A}.Debug|Any CPU.ActiveCfg = Debug|Any CPU
		{E5406B4B-F863-404E-B32F-0653760D168A}.Debug|Any CPU.Build.0 = Debug|Any CPU
		{E5406B4B-F863-404E-B32F-0653760D168A}.Release|Any CPU.ActiveCfg = Release|Any CPU
		{E5406B4B-F863-404E-B32F-0653760D168A}.Release|Any CPU.Build.0 = Release|Any CPU
		{223B3CA8-C522-46E7-8F2A-1D502AB056FC}.Debug|Any CPU.ActiveCfg = Debug|Any CPU
		{223B3CA8-C522-46E7-8F2A-1D502AB056FC}.Debug|Any CPU.Build.0 = Debug|Any CPU
		{223B3CA8-C522-46E7-8F2A-1D502AB056FC}.Release|Any CPU.ActiveCfg = Release|Any CPU
		{223B3CA8-C522-46E7-8F2A-1D502AB056FC}.Release|Any CPU.Build.0 = Release|Any CPU
		{0BF3478D-70C6-4624-9256-160FFAA2E993}.Debug|Any CPU.ActiveCfg = Debug|Any CPU
		{0BF3478D-70C6-4624-9256-160FFAA2E993}.Debug|Any CPU.Build.0 = Debug|Any CPU
		{0BF3478D-70C6-4624-9256-160FFAA2E993}.Release|Any CPU.ActiveCfg = Release|Any CPU
		{0BF3478D-70C6-4624-9256-160FFAA2E993}.Release|Any CPU.Build.0 = Release|Any CPU
	EndGlobalSection
	GlobalSection(NestedProjects) = preSolution
		{06E9B0C8-A9B6-4DE4-A1CC-C52159A873D1} = {EFA88835-38F5-4A7A-9B3A-9444915331C6}
		{F5C0378C-549D-4AEC-9BB1-DBB5B75F5B71} = {EFA88835-38F5-4A7A-9B3A-9444915331C6}
		{08958428-A061-47B9-96AD-74F2AAE0086F} = {EFA88835-38F5-4A7A-9B3A-9444915331C6}
		{6F047133-9368-4B52-A78B-C779CFFEFF99} = {EFA88835-38F5-4A7A-9B3A-9444915331C6}
		{2E4CEBFB-BAA2-45FA-9134-33FBCE2C8DF3} = {EFA88835-38F5-4A7A-9B3A-9444915331C6}
		{E5406B4B-F863-404E-B32F-0653760D168A} = {EFA88835-38F5-4A7A-9B3A-9444915331C6}
		{223B3CA8-C522-46E7-8F2A-1D502AB056FC} = {EFA88835-38F5-4A7A-9B3A-9444915331C6}
		{0BF3478D-70C6-4624-9256-160FFAA2E993} = {E96B56A5-5E21-43D0-A041-2AAB3B9E7280}
	EndGlobalSection
EndGlobal
