
Microsoft Visual Studio Solution File, Format Version 12.00
# Visual Studio Version 17
VisualStudioVersion = 17.0.31903.59
MinimumVisualStudioVersion = 10.0.40219.1
Project("{2150E333-8FDC-42A3-9474-1A3956D46DE8}") = "src", "src", "{EFA88835-38F5-4A7A-9B3A-9444915331C6}"
EndProject
Project("{FAE04EC0-301F-11D3-BF4B-00C04F79EFBC}") = "NexJob", "src\NexJob\NexJob.csproj", "{06E9B0C8-A9B6-4DE4-A1CC-C52159A873D1}"
EndProject
Project("{FAE04EC0-301F-11D3-BF4B-00C04F79EFBC}") = "NexJob.Postgres", "src\NexJob.Postgres\NexJob.Postgres.csproj", "{F5C0378C-549D-4AEC-9BB1-DBB5B75F5B71}"
EndProject
Project("{FAE04EC0-301F-11D3-BF4B-00C04F79EFBC}") = "NexJob.SqlServer", "src\NexJob.SqlServer\NexJob.SqlServer.csproj", "{08958428-A061-47B9-96AD-74F2AAE0086F}"
EndProject
Project("{FAE04EC0-301F-11D3-BF4B-00C04F79EFBC}") = "NexJob.Redis", "src\NexJob.Redis\NexJob.Redis.csproj", "{6F047133-9368-4B52-A78B-C779CFFEFF99}"
EndProject
Project("{FAE04EC0-301F-11D3-BF4B-00C04F79EFBC}") = "NexJob.MongoDB", "src\NexJob.MongoDB\NexJob.MongoDB.csproj", "{2E4CEBFB-BAA2-45FA-9134-33FBCE2C8DF3}"
EndProject
Project("{FAE04EC0-301F-11D3-BF4B-00C04F79EFBC}") = "NexJob.Dashboard", "src\NexJob.Dashboard\NexJob.Dashboard.csproj", "{223B3CA8-C522-46E7-8F2A-1D502AB056FC}"
EndProject
Project("{2150E333-8FDC-42A3-9474-1A3956D46DE8}") = "tests", "tests", "{E96B56A5-5E21-43D0-A041-2AAB3B9E7280}"
EndProject
Project("{FAE04EC0-301F-11D3-BF4B-00C04F79EFBC}") = "NexJob.Tests", "tests\NexJob.Tests\NexJob.Tests.csproj", "{0BF3478D-70C6-4624-9256-160FFAA2E993}"
EndProject
Project("{2150E333-8FDC-42A3-9474-1A3956D46DE8}") = "samples", "samples", "{813786C2-B2DA-44EF-B157-202670E42D45}"
EndProject
Project("{FAE04EC0-301F-11D3-BF4B-00C04F79EFBC}") = "NexJob.Sample.WebApi", "samples\NexJob.Sample.WebApi\NexJob.Sample.WebApi.csproj", "{7819F289-FBD0-47D8-87AF-3E2490429983}"
EndProject
Project("{FAE04EC0-301F-11D3-BF4B-00C04F79EFBC}") = "NexJob.IntegrationTests", "tests\NexJob.IntegrationTests\NexJob.IntegrationTests.csproj", "{0F267AF4-CA8A-402A-85C3-636553CD5771}"
EndProject
Project("{FAE04EC0-301F-11D3-BF4B-00C04F79EFBC}") = "NexJob.ReliabilityTests.Distributed", "tests\NexJob.ReliabilityTests.Distributed\NexJob.ReliabilityTests.Distributed.csproj", "{1F2A4D8E-5B6C-4F7A-8D9E-C3E5F7G2H3I9}"
EndProject
Project("{2150E333-8FDC-42A3-9474-1A3956D46DE8}") = "benchmarks", "benchmarks", "{6ECB20C4-210F-4899-9C14-80C06D278B84}"
EndProject
Project("{FAE04EC0-301F-11D3-BF4B-00C04F79EFBC}") = "NexJob.Benchmarks", "benchmarks\NexJob.Benchmarks\NexJob.Benchmarks.csproj", "{315A1E36-2691-4817-B840-69A23E22CF1A}"
EndProject
Project("{2150E333-8FDC-42A3-9474-1A3956D46DE8}") = "templates", "templates", "{401240F1-77A8-4A35-B7AF-8D6A02F89C66}"
EndProject
Project("{FAE04EC0-301F-11D3-BF4B-00C04F79EFBC}") = "NexJob.Templates", "templates\NexJob.Templates.csproj", "{499D9F60-70BD-422F-9483-F34318BA7FB9}"
EndProject
Project("{FAE04EC0-301F-11D3-BF4B-00C04F79EFBC}") = "NexJob.Dashboard.Standalone", "src\NexJob.Dashboard.Standalone\NexJob.Dashboard.Standalone.csproj", "{3949A0FF-FA91-4BC5-ACFB-0F6A4B9427AC}"
EndProject
Project("{FAE04EC0-301F-11D3-BF4B-00C04F79EFBC}") = "NexJob.Sample.WorkerService", "samples\NexJob.Sample.WorkerService\NexJob.Sample.WorkerService.csproj", "{1EC08678-281E-497C-8662-3DD5A0474137}"
EndProject
Project("{FAE04EC0-301F-11D3-BF4B-00C04F79EFBC}") = "NexJob.Sample.ConfiguredRecurring", "samples\NexJob.Sample.ConfiguredRecurring\NexJob.Sample.ConfiguredRecurring.csproj", "{F1B8E6D2-F160-48F9-AA0C-E22197703DDE}"
EndProject
Global
	GlobalSection(SolutionConfigurationPlatforms) = preSolution
		Debug|Any CPU = Debug|Any CPU
		Release|Any CPU = Release|Any CPU
	EndGlobalSection
	GlobalSection(SolutionProperties) = preSolution
		HideSolutionNode = FALSE
	EndGlobalSection
	GlobalSection(ProjectConfigurationPlatforms) = postSolution
		{06E9B0C8-A9B6-4DE4-A1CC-C52159A873D1}.Debug|Any CPU.ActiveCfg = Debug|Any CPU
		{06E9B0C8-A9B6-4DE4-A1CC-C52159A873D1}.Debug|Any CPU.Build.0 = Debug|Any CPU
		{06E9B0C8-A9B6-4DE4-A1CC-C52159A873D1}.Release|Any CPU.ActiveCfg = Release|Any CPU
		{06E9B0C8-A9B6-4DE4-A1CC-C52159A873D1}.Release|Any CPU.Build.0 = Release|Any CPU
		{F5C0378C-549D-4AEC-9BB1-DBB5B75F5B71}.Debug|Any CPU.ActiveCfg = Debug|Any CPU
		{F5C0378C-549D-4AEC-9BB1-DBB5B75F5B71}.Debug|Any CPU.Build.0 = Debug|Any CPU
		{F5C0378C-549D-4AEC-9BB1-DBB5B75F5B71}.Release|Any CPU.ActiveCfg = Release|Any CPU
		{F5C0378C-549D-4AEC-9BB1-DBB5B75F5B71}.Release|Any CPU.Build.0 = Release|Any CPU
		{08958428-A061-47B9-96AD-74F2AAE0086F}.Debug|Any CPU.ActiveCfg = Debug|Any CPU
		{08958428-A061-47B9-96AD-74F2AAE0086F}.Debug|Any CPU.Build.0 = Debug|Any CPU
		{08958428-A061-47B9-96AD-74F2AAE0086F}.Release|Any CPU.ActiveCfg = Release|Any CPU
		{08958428-A061-47B9-96AD-74F2AAE0086F}.Release|Any CPU.Build.0 = Release|Any CPU
		{6F047133-9368-4B52-A78B-C779CFFEFF99}.Debug|Any CPU.ActiveCfg = Debug|Any CPU
		{6F047133-9368-4B52-A78B-C779CFFEFF99}.Debug|Any CPU.Build.0 = Debug|Any CPU
		{6F047133-9368-4B52-A78B-C779CFFEFF99}.Release|Any CPU.ActiveCfg = Release|Any CPU
		{6F047133-9368-4B52-A78B-C779CFFEFF99}.Release|Any CPU.Build.0 = Release|Any CPU
		{2E4CEBFB-BAA2-45FA-9134-33FBCE2C8DF3}.Debug|Any CPU.ActiveCfg = Debug|Any CPU
		{2E4CEBFB-BAA2-45FA-9134-33FBCE2C8DF3}.Debug|Any CPU.Build.0 = Debug|Any CPU
		{2E4CEBFB-BAA2-45FA-9134-33FBCE2C8DF3}.Release|Any CPU.ActiveCfg = Release|Any CPU
		{2E4CEBFB-BAA2-45FA-9134-33FBCE2C8DF3}.Release|Any CPU.Build.0 = Release|Any CPU
		{223B3CA8-C522-46E7-8F2A-1D502AB056FC}.Debug|Any CPU.ActiveCfg = Debug|Any CPU
		{223B3CA8-C522-46E7-8F2A-1D502AB056FC}.Debug|Any CPU.Build.0 = Debug|Any CPU
		{223B3CA8-C522-46E7-8F2A-1D502AB056FC}.Release|Any CPU.ActiveCfg = Release|Any CPU
		{223B3CA8-C522-46E7-8F2A-1D502AB056FC}.Release|Any CPU.Build.0 = Release|Any CPU
		{0BF3478D-70C6-4624-9256-160FFAA2E993}.Debug|Any CPU.ActiveCfg = Debug|Any CPU
		{0BF3478D-70C6-4624-9256-160FFAA2E993}.Debug|Any CPU.Build.0 = Debug|Any CPU
		{0BF3478D-70C6-4624-9256-160FFAA2E993}.Release|Any CPU.ActiveCfg = Release|Any CPU
		{0BF3478D-70C6-4624-9256-160FFAA2E993}.Release|Any CPU.Build.0 = Release|Any CPU
		{7819F289-FBD0-47D8-87AF-3E2490429983}.Debug|Any CPU.ActiveCfg = Debug|Any CPU
		{7819F289-FBD0-47D8-87AF-3E2490429983}.Debug|Any CPU.Build.0 = Debug|Any CPU
		{7819F289-FBD0-47D8-87AF-3E2490429983}.Release|Any CPU.ActiveCfg = Release|Any CPU
		{7819F289-FBD0-47D8-87AF-3E2490429983}.Release|Any CPU.Build.0 = Release|Any CPU
		{0F267AF4-CA8A-402A-85C3-636553CD5771}.Debug|Any CPU.ActiveCfg = Debug|Any CPU
		{0F267AF4-CA8A-402A-85C3-636553CD5771}.Debug|Any CPU.Build.0 = Debug|Any CPU
		{0F267AF4-CA8A-402A-85C3-636553CD5771}.Release|Any CPU.ActiveCfg = Release|Any CPU
		{0F267AF4-CA8A-402A-85C3-636553CD5771}.Release|Any CPU.Build.0 = Release|Any CPU
		{1F2A4D8E-5B6C-4F7A-8D9E-C3E5F7G2H3I9}.Debug|Any CPU.ActiveCfg = Debug|Any CPU
		{1F2A4D8E-5B6C-4F7A-8D9E-C3E5F7G2H3I9}.Debug|Any CPU.Build.0 = Debug|Any CPU
		{1F2A4D8E-5B6C-4F7A-8D9E-C3E5F7G2H3I9}.Release|Any CPU.ActiveCfg = Release|Any CPU
		{1F2A4D8E-5B6C-4F7A-8D9E-C3E5F7G2H3I9}.Release|Any CPU.Build.0 = Release|Any CPU
		{315A1E36-2691-4817-B840-69A23E22CF1A}.Debug|Any CPU.ActiveCfg = Debug|Any CPU
		{315A1E36-2691-4817-B840-69A23E22CF1A}.Debug|Any CPU.Build.0 = Debug|Any CPU
		{315A1E36-2691-4817-B840-69A23E22CF1A}.Release|Any CPU.ActiveCfg = Release|Any CPU
		{315A1E36-2691-4817-B840-69A23E22CF1A}.Release|Any CPU.Build.0 = Release|Any CPU
		{499D9F60-70BD-422F-9483-F34318BA7FB9}.Debug|Any CPU.ActiveCfg = Debug|Any CPU
		{499D9F60-70BD-422F-9483-F34318BA7FB9}.Debug|Any CPU.Build.0 = Debug|Any CPU
		{499D9F60-70BD-422F-9483-F34318BA7FB9}.Release|Any CPU.ActiveCfg = Release|Any CPU
		{499D9F60-70BD-422F-9483-F34318BA7FB9}.Release|Any CPU.Build.0 = Release|Any CPU
		{3949A0FF-FA91-4BC5-ACFB-0F6A4B9427AC}.Debug|Any CPU.ActiveCfg = Debug|Any CPU
		{3949A0FF-FA91-4BC5-ACFB-0F6A4B9427AC}.Debug|Any CPU.Build.0 = Debug|Any CPU
		{3949A0FF-FA91-4BC5-ACFB-0F6A4B9427AC}.Release|Any CPU.ActiveCfg = Release|Any CPU
		{3949A0FF-FA91-4BC5-ACFB-0F6A4B9427AC}.Release|Any CPU.Build.0 = Release|Any CPU
		{1EC08678-281E-497C-8662-3DD5A0474137}.Debug|Any CPU.ActiveCfg = Debug|Any CPU
		{1EC08678-281E-497C-8662-3DD5A0474137}.Debug|Any CPU.Build.0 = Debug|Any CPU
		{1EC08678-281E-497C-8662-3DD5A0474137}.Release|Any CPU.ActiveCfg = Release|Any CPU
		{1EC08678-281E-497C-8662-3DD5A0474137}.Release|Any CPU.Build.0 = Release|Any CPU
		{F1B8E6D2-F160-48F9-AA0C-E22197703DDE}.Debug|Any CPU.ActiveCfg = Debug|Any CPU
		{F1B8E6D2-F160-48F9-AA0C-E22197703DDE}.Debug|Any CPU.Build.0 = Debug|Any CPU
		{F1B8E6D2-F160-48F9-AA0C-E22197703DDE}.Release|Any CPU.ActiveCfg = Release|Any CPU
		{F1B8E6D2-F160-48F9-AA0C-E22197703DDE}.Release|Any CPU.Build.0 = Release|Any CPU
	EndGlobalSection
	GlobalSection(NestedProjects) = preSolution
		{06E9B0C8-A9B6-4DE4-A1CC-C52159A873D1} = {EFA88835-38F5-4A7A-9B3A-9444915331C6}
		{F5C0378C-549D-4AEC-9BB1-DBB5B75F5B71} = {EFA88835-38F5-4A7A-9B3A-9444915331C6}
		{08958428-A061-47B9-96AD-74F2AAE0086F} = {EFA88835-38F5-4A7A-9B3A-9444915331C6}
		{6F047133-9368-4B52-A78B-C779CFFEFF99} = {EFA88835-38F5-4A7A-9B3A-9444915331C6}
		{2E4CEBFB-BAA2-45FA-9134-33FBCE2C8DF3} = {EFA88835-38F5-4A7A-9B3A-9444915331C6}
		{223B3CA8-C522-46E7-8F2A-1D502AB056FC} = {EFA88835-38F5-4A7A-9B3A-9444915331C6}
		{0BF3478D-70C6-4624-9256-160FFAA2E993} = {E96B56A5-5E21-43D0-A041-2AAB3B9E7280}
		{7819F289-FBD0-47D8-87AF-3E2490429983} = {813786C2-B2DA-44EF-B157-202670E42D45}
		{0F267AF4-CA8A-402A-85C3-636553CD5771} = {E96B56A5-5E21-43D0-A041-2AAB3B9E7280}
		{1F2A4D8E-5B6C-4F7A-8D9E-C3E5F7G2H3I9} = {E96B56A5-5E21-43D0-A041-2AAB3B9E7280}
		{315A1E36-2691-4817-B840-69A23E22CF1A} = {6ECB20C4-210F-4899-9C14-80C06D278B84}
		{499D9F60-70BD-422F-9483-F34318BA7FB9} = {401240F1-77A8-4A35-B7AF-8D6A02F89C66}
		{3949A0FF-FA91-4BC5-ACFB-0F6A4B9427AC} = {EFA88835-38F5-4A7A-9B3A-9444915331C6}
		{1EC08678-281E-497C-8662-3DD5A0474137} = {813786C2-B2DA-44EF-B157-202670E42D45}
		{F1B8E6D2-F160-48F9-AA0C-E22197703DDE} = {813786C2-B2DA-44EF-B157-202670E42D45}
	EndGlobalSection
EndGlobal
